{
  "name": "miniprogram",
  "version": "1.0.0",
  "lockfileVersion": 1,
  "requires": true,
  "dependencies": {
    "@vant/weapp": {
      "version": "1.7.1",
      "resolved": "https://registry.npmjs.org/@vant/weapp/-/weapp-1.7.1.tgz",
      "integrity": "sha512-dksvR66tKM3VenBor2bWV7/jQqTTJ9HjIJgbT7HskibH1zTSgCGrD3jwHP8efXlSVgicjUVnVhsc/rNNq9LTrw=="
    },
    "fast-deep-equal": {
      "version": "2.0.1",
      "resolved": "https://registry.npmjs.org/fast-deep-equal/-/fast-deep-equal-2.0.1.tgz",
      "integrity": "sha1-ewUhjd+WZ79/Nwv3/bLLFf3Qqkk="
    },
    "lin-ui": {
      "version": "0.9.4",
      "resolved": "https://registry.npmjs.org/lin-ui/-/lin-ui-0.9.4.tgz",
      "integrity": "sha512-JS4U2ggpPHg9i9EKcSTO5rtFcFG+3qOL7Y8xFlrI7a3/46DLibsucz7WGIBsIvxJktzJreoS+j4tz6ZofL8/XQ=="
    },
    "miniprogram-computed": {
      "version": "4.0.4",
      "resolved": "https://registry.npmjs.org/miniprogram-computed/-/miniprogram-computed-4.0.4.tgz",
      "integrity": "sha512-9APei/glGG2NrYGzQXVXc/Om+n8JihNhnzCz8BEAAbaPi0vGNMvyezUutoEyldrH6gK+Wp8hM+W9Vg5iu6yk3Q==",
      "requires": {
        "fast-deep-equal": "^2.0.1",
        "rfdc": "^1.1.4"
      }
    },
    "rfdc": {
      "version": "1.3.0",
      "resolved": "https://registry.npmjs.org/rfdc/-/rfdc-1.3.0.tgz",
      "integrity": "sha512-V2hovdzFbOi77/WajaSMXk2OLm+xNIeQdMMuB7icj7bk6zi2F8GGAxigcnDFpJHbNyNcgyJDiP+8nOrY5cZGrA=="
    }
  }
}
